# This file is automatically @generated by Cargo.
# It is not intended for manual editing.
version = 3

[[package]]
name = "abs_value"
version = "0.1.0"
dependencies = [
 "libR-sys",
]

[[package]]
name = "libR-sys"
version = "0.6.0"
source = "registry+https://github.com/rust-lang/crates.io-index"
checksum = "a34aaa68a201f71eab5df5a67d1326add8aaf029434e939353bcab0534919ff1"
